Microsoft Visual Studio Solution File, Format Version 12.00
# Visual Studio Version 17
VisualStudioVersion = 17.5.2.0
MinimumVisualStudioVersion = 10.0.40219.1
Project("{2150E333-8FDC-42A3-9474-1A3956D46DE8}") = "backend-dotnet", "backend-dotnet", "{5B53B9C9-4F30-C987-7D7A-FE70C231F3D7}"
EndProject
Project("{FAE04EC0-301F-11D3-BF4B-00C04F79EFBC}") = "Bodyaura.OrderService", "backend-dotnet\Bodyaura.OrderService.csproj", "{19A79EFD-B752-E7F3-6564-22A6572A477A}"
EndProject
Global
	GlobalSection(SolutionConfigurationPlatforms) = preSolution
		Debug|Any CPU = Debug|Any CPU
		Release|Any CPU = Release|Any CPU
	EndGlobalSection
	GlobalSection(ProjectConfigurationPlatforms) = postSolution
		{19A79EFD-B752-E7F3-6564-22A6572A477A}.Debug|Any CPU.ActiveCfg = Debug|Any CPU
		{19A79EFD-B752-E7F3-6564-22A6572A477A}.Debug|Any CPU.Build.0 = Debug|Any CPU
		{19A79EFD-B752-E7F3-6564-22A6572A477A}.Release|Any CPU.ActiveCfg = Release|Any CPU
		{19A79EFD-B752-E7F3-6564-22A6572A477A}.Release|Any CPU.Build.0 = Release|Any CPU
	EndGlobalSection
	GlobalSection(SolutionProperties) = preSolution
		HideSolutionNode = FALSE
	EndGlobalSection
	GlobalSection(NestedProjects) = preSolution
		{19A79EFD-B752-E7F3-6564-22A6572A477A} = {5B53B9C9-4F30-C987-7D7A-FE70C231F3D7}
	EndGlobalSection
	GlobalSection(ExtensibilityGlobals) = postSolution
		SolutionGuid = {FFF48AED-952F-41D8-BE03-83EDAF60061C}
	EndGlobalSection
EndGlobal
